
Microsoft Visual Studio Solution File, Format Version 12.00
# Visual Studio Version 17
VisualStudioVersion = 17.14.36603.0 d17.14
MinimumVisualStudioVersion = 10.0.40219.1
Project("{FAE04EC0-301F-11D3-BF4B-00C04F79EFBC}") = "Курсовая", "Курсовая.csproj", "{90D424E5-D395-4DBB-A060-66DB578608DA}"
EndProject
Global
	GlobalSection(SolutionConfigurationPlatforms) = preSolution
		Debug|Any CPU = Debug|Any CPU
		Release|Any CPU = Release|Any CPU
	EndGlobalSection
	GlobalSection(ProjectConfigurationPlatforms) = postSolution
		{90D424E5-D395-4DBB-A060-66DB578608DA}.Debug|Any CPU.ActiveCfg = Debug|Any CPU
		{90D424E5-D395-4DBB-A060-66DB578608DA}.Debug|Any CPU.Build.0 = Debug|Any CPU
		{90D424E5-D395-4DBB-A060-66DB578608DA}.Release|Any CPU.ActiveCfg = Release|Any CPU
		{90D424E5-D395-4DBB-A060-66DB578608DA}.Release|Any CPU.Build.0 = Release|Any CPU
	EndGlobalSection
	GlobalSection(SolutionProperties) = preSolution
		HideSolutionNode = FALSE
	EndGlobalSection
	GlobalSection(ExtensibilityGlobals) = postSolution
		SolutionGuid = {43762F7A-8119-46BA-8319-ADF7D57620AF}
	EndGlobalSection
EndGlobal
